
Microsoft Visual Studio Solution File, Format Version 12.00
# Visual Studio Version 17
VisualStudioVersion = 17.3.32929.385
MinimumVisualStudioVersion = 10.0.40219.1
Project("{8BC9CEB8-8B4A-11D0-8D11-00A0C91BC942}") = "Tic-tac-toe", "Tic-tac-toe\Tic-tac-toe.vcxproj", "{49F52330-932D-4844-83C4-CA644C0C84B9}"
EndProject
Global
	GlobalSection(SolutionConfigurationPlatforms) = preSolution
		Debug|x64 = Debug|x64
		Debug|x86 = Debug|x86
		Release|x64 = Release|x64
		Release|x86 = Release|x86
	EndGlobalSection
	GlobalSection(ProjectConfigurationPlatforms) = postSolution
		{49F52330-932D-4844-83C4-CA644C0C84B9}.Debug|x64.ActiveCfg = Debug|x64
		{49F52330-932D-4844-83C4-CA644C0C84B9}.Debug|x64.Build.0 = Debug|x64
		{49F52330-932D-4844-83C4-CA644C0C84B9}.Debug|x86.ActiveCfg = Debug|Win32
		{49F52330-932D-4844-83C4-CA644C0C84B9}.Debug|x86.Build.0 = Debug|Win32
		{49F52330-932D-4844-83C4-CA644C0C84B9}.Release|x64.ActiveCfg = Release|x64
		{49F52330-932D-4844-83C4-CA644C0C84B9}.Release|x64.Build.0 = Release|x64
		{49F52330-932D-4844-83C4-CA644C0C84B9}.Release|x86.ActiveCfg = Release|Win32
		{49F52330-932D-4844-83C4-CA644C0C84B9}.Release|x86.Build.0 = Release|Win32
	EndGlobalSection
	GlobalSection(SolutionProperties) = preSolution
		HideSolutionNode = FALSE
	EndGlobalSection
	GlobalSection(ExtensibilityGlobals) = postSolution
		SolutionGuid = {39C4AA79-C567-4CE0-AB39-82ABB1323B0C}
	EndGlobalSection
EndGlobal
